
Microsoft Visual Studio Solution File, Format Version 12.00
Project("{FAE04EC0-301F-11D3-BF4B-00C04F79EFBC}") = "TagsCloudContainerCore", "TagsCloudContainerCore\TagsCloudContainerCore.csproj", "{3138D7A6-7FC2-440F-8EED-0576ED200874}"
EndProject
Project("{FAE04EC0-301F-11D3-BF4B-00C04F79EFBC}") = "TagsCloudContainerCLI", "TagsCloudContainerCLI\TagsCloudContainerCLI.csproj", "{EDD96D71-1F84-4254-AE83-5D63E91B3477}"
EndProject
Global
	GlobalSection(SolutionConfigurationPlatforms) = preSolution
		Debug|Any CPU = Debug|Any CPU
		Release|Any CPU = Release|Any CPU
	EndGlobalSection
	GlobalSection(ProjectConfigurationPlatforms) = postSolution
		{3138D7A6-7FC2-440F-8EED-0576ED200874}.Debug|Any CPU.ActiveCfg = Debug|Any CPU
		{3138D7A6-7FC2-440F-8EED-0576ED200874}.Debug|Any CPU.Build.0 = Debug|Any CPU
		{3138D7A6-7FC2-440F-8EED-0576ED200874}.Release|Any CPU.ActiveCfg = Release|Any CPU
		{3138D7A6-7FC2-440F-8EED-0576ED200874}.Release|Any CPU.Build.0 = Release|Any CPU
		{EDD96D71-1F84-4254-AE83-5D63E91B3477}.Debug|Any CPU.ActiveCfg = Debug|Any CPU
		{EDD96D71-1F84-4254-AE83-5D63E91B3477}.Debug|Any CPU.Build.0 = Debug|Any CPU
		{EDD96D71-1F84-4254-AE83-5D63E91B3477}.Release|Any CPU.ActiveCfg = Release|Any CPU
		{EDD96D71-1F84-4254-AE83-5D63E91B3477}.Release|Any CPU.Build.0 = Release|Any CPU
	EndGlobalSection
EndGlobal
