
Microsoft Visual Studio Solution File, Format Version 12.00
# Visual Studio Version 17
VisualStudioVersion = 17.12.35514.174 d17.12
MinimumVisualStudioVersion = 10.0.40219.1
Project("{FAE04EC0-301F-11D3-BF4B-00C04F79EFBC}") = "di", "FractalPainter\di.csproj", "{4B70F6B3-5C20-40D2-BFC9-D95C18D65DD6}"
EndProject
Project("{FAE04EC0-301F-11D3-BF4B-00C04F79EFBC}") = "TagCloud", "TagCloud\TagCloud.csproj", "{D31B38AB-0D2A-4225-9275-0B0C4906CD45}"
EndProject
Project("{FAE04EC0-301F-11D3-BF4B-00C04F79EFBC}") = "TagCloudClient", "TagCloudClient\TagCloudClient.csproj", "{DF722609-011B-4F21-B9C0-6DCFF7F4C525}"
EndProject
Project("{FAE04EC0-301F-11D3-BF4B-00C04F79EFBC}") = "TagCloudTests", "TagCloudTests\TagCloudTests.csproj", "{ABD377A4-3D7E-45CF-BD09-A16196D2A563}"
EndProject
Global
	GlobalSection(SolutionConfigurationPlatforms) = preSolution
		Debug|Any CPU = Debug|Any CPU
		Release|Any CPU = Release|Any CPU
	EndGlobalSection
	GlobalSection(ProjectConfigurationPlatforms) = postSolution
		{4B70F6B3-5C20-40D2-BFC9-D95C18D65DD6}.Debug|Any CPU.ActiveCfg = Debug|Any CPU
		{4B70F6B3-5C20-40D2-BFC9-D95C18D65DD6}.Debug|Any CPU.Build.0 = Debug|Any CPU
		{4B70F6B3-5C20-40D2-BFC9-D95C18D65DD6}.Release|Any CPU.ActiveCfg = Release|Any CPU
		{4B70F6B3-5C20-40D2-BFC9-D95C18D65DD6}.Release|Any CPU.Build.0 = Release|Any CPU
		{D31B38AB-0D2A-4225-9275-0B0C4906CD45}.Debug|Any CPU.ActiveCfg = Debug|Any CPU
		{D31B38AB-0D2A-4225-9275-0B0C4906CD45}.Debug|Any CPU.Build.0 = Debug|Any CPU
		{D31B38AB-0D2A-4225-9275-0B0C4906CD45}.Release|Any CPU.ActiveCfg = Release|Any CPU
		{D31B38AB-0D2A-4225-9275-0B0C4906CD45}.Release|Any CPU.Build.0 = Release|Any CPU
		{DF722609-011B-4F21-B9C0-6DCFF7F4C525}.Debug|Any CPU.ActiveCfg = Debug|Any CPU
		{DF722609-011B-4F21-B9C0-6DCFF7F4C525}.Debug|Any CPU.Build.0 = Debug|Any CPU
		{DF722609-011B-4F21-B9C0-6DCFF7F4C525}.Release|Any CPU.ActiveCfg = Release|Any CPU
		{DF722609-011B-4F21-B9C0-6DCFF7F4C525}.Release|Any CPU.Build.0 = Release|Any CPU
		{ABD377A4-3D7E-45CF-BD09-A16196D2A563}.Debug|Any CPU.ActiveCfg = Debug|Any CPU
		{ABD377A4-3D7E-45CF-BD09-A16196D2A563}.Debug|Any CPU.Build.0 = Debug|Any CPU
		{ABD377A4-3D7E-45CF-BD09-A16196D2A563}.Release|Any CPU.ActiveCfg = Release|Any CPU
		{ABD377A4-3D7E-45CF-BD09-A16196D2A563}.Release|Any CPU.Build.0 = Release|Any CPU
	EndGlobalSection
	GlobalSection(SolutionProperties) = preSolution
		HideSolutionNode = FALSE
	EndGlobalSection
EndGlobal
